
Microsoft Visual Studio Solution File, Format Version 12.00
# Visual Studio Version 16
VisualStudioVersion = 16.0.31005.135
MinimumVisualStudioVersion = 10.0.40219.1
Project("{FAE04EC0-301F-11D3-BF4B-00C04F79EFBC}") = "Sales_2", "Sales_2\Sales_2.csproj", "{CFD78161-5A38-411D-879C-4D9454A33C4F}"
EndProject
Global
	GlobalSection(SolutionConfigurationPlatforms) = preSolution
		Debug|Any CPU = Debug|Any CPU
		Release|Any CPU = Release|Any CPU
	EndGlobalSection
	GlobalSection(ProjectConfigurationPlatforms) = postSolution
		{CFD78161-5A38-411D-879C-4D9454A33C4F}.Debug|Any CPU.ActiveCfg = Debug|Any CPU
		{CFD78161-5A38-411D-879C-4D9454A33C4F}.Debug|Any CPU.Build.0 = Debug|Any CPU
		{CFD78161-5A38-411D-879C-4D9454A33C4F}.Release|Any CPU.ActiveCfg = Release|Any CPU
		{CFD78161-5A38-411D-879C-4D9454A33C4F}.Release|Any CPU.Build.0 = Release|Any CPU
	EndGlobalSection
	GlobalSection(SolutionProperties) = preSolution
		HideSolutionNode = FALSE
	EndGlobalSection
	GlobalSection(ExtensibilityGlobals) = postSolution
		SolutionGuid = {6FE34190-077D-4C10-9B23-3A92A8F0F788}
	EndGlobalSection
EndGlobal
